// !$*UTF8*$!
{
	archiveVersion = 1;
	classes = {
	};
	objectVersion = 46;
	objects = {

/* Begin PBXBuildFile section */
		294E05501A835BE4001232E4 /* main.m in Sources */ = {isa = PBXBuildFile; fileRef = 294E054F1A835BE4001232E4 /* main.m */; };
		294E05531A835BE4001232E4 /* AppDelegate.m in Sources */ = {isa = PBXBuildFile; fileRef = 294E05521A835BE4001232E4 /* AppDelegate.m */; };
		294E05591A835BE4001232E4 /* Main.storyboard in Resources */ = {isa = PBXBuildFile; fileRef = 294E05571A835BE4001232E4 /* Main.storyboard */; };
		294E055B1A835BE4001232E4 /* Images.xcassets in Resources */ = {isa = PBXBuildFile; fileRef = 294E055A1A835BE4001232E4 /* Images.xcassets */; };
		294E055E1A835BE4001232E4 /* LaunchScreen.xib in Resources */ = {isa = PBXBuildFile; fileRef = 294E055C1A835BE4001232E4 /* LaunchScreen.xib */; };
		294E056A1A835BE4001232E4 /* PicItAppV02Tests.m in Sources */ = {isa = PBXBuildFile; fileRef = 294E05691A835BE4001232E4 /* PicItAppV02Tests.m */; };
		294E05741A835E0D001232E4 /* AVFoundation.framework in Frameworks */ = {isa = PBXBuildFile; fileRef = 294E05731A835E0D001232E4 /* AVFoundation.framework */; };
		29937FF91A8361A800F602D3 /* rec.png in Resources */ = {isa = PBXBuildFile; fileRef = 29937FF81A8361A800F602D3 /* rec.png */; };
		29937FFB1A83664A00F602D3 /* AVCamPreviewView.m in Sources */ = {isa = PBXBuildFile; fileRef = 29937FFA1A83664A00F602D3 /* AVCamPreviewView.m */; };
		299380001A83810E00F602D3 /* PicturesViewController.m in Sources */ = {isa = PBXBuildFile; fileRef = 29937FFF1A83810E00F602D3 /* PicturesViewController.m */; };
		299380041A83B32900F602D3 /* PViewController.m in Sources */ = {isa = PBXBuildFile; fileRef = 299380031A83B32900F602D3 /* PViewController.m */; };
/* End PBXBuildFile section */

/* Begin PBXContainerItemProxy section */
		294E05641A835BE4001232E4 /* PBXContainerItemProxy */ = {
			isa = PBXContainerItemProxy;
			containerPortal = 294E05421A835BE4001232E4 /* Project object */;
			proxyType = 1;
			remoteGlobalIDString = 294E05491A835BE4001232E4;
			remoteInfo = PicItAppV02;
		};
/* End PBXContainerItemProxy section */

/* Begin PBXFileReference section */
		294E054A1A835BE4001232E4 /* PicItAppV02.app */ = {isa = PBXFileReference; explicitFileType = wrapper.application; includeInIndex = 0; path = PicItAppV02.app; sourceTree = BUILT_PRODUCTS_DIR; };
		294E054E1A835BE4001232E4 /* Info.plist */ = {isa = PBXFileReference; lastKnownFileType = text.plist.xml; path = Info.plist; sourceTree = "<group>"; };
		294E054F1A835BE4001232E4 /* main.m */ = {isa = PBXFileReference; lastKnownFileType = sourcecode.c.objc; path = main.m; sourceTree = "<group>"; };
		294E05511A835BE4001232E4 /* AppDelegate.h */ = {isa = PBXFileReference; lastKnownFileType = sourcecode.c.h; path = AppDelegate.h; sourceTree = "<group>"; };
		294E05521A835BE4001232E4 /* AppDelegate.m */ = {isa = PBXFileReference; lastKnownFileType = sourcecode.c.objc; path = AppDelegate.m; sourceTree = "<group>"; };
		294E05581A835BE4001232E4 /* Base */ = {isa = PBXFileReference; lastKnownFileType = file.storyboard; name = Base; path = Base.lproj/Main.storyboard; sourceTree = "<group>"; };
		294E055A1A835BE4001232E4 /* Images.xcassets */ = {isa = PBXFileReference; lastKnownFileType = folder.assetcatalog; path = Images.xcassets; sourceTree = "<group>"; };
		294E055D1A835BE4001232E4 /* Base */ = {isa = PBXFileReference; lastKnownFileType = file.xib; name = Base; path = Base.lproj/LaunchScreen.xib; sourceTree = "<group>"; };
		294E05631A835BE4001232E4 /* PicItAppV02Tests.xctest */ = {isa = PBXFileReference; explicitFileType = wrapper.cfbundle; includeInIndex = 0; path = PicItAppV02Tests.xctest; sourceTree = BUILT_PRODUCTS_DIR; };
		294E05681A835BE4001232E4 /* Info.plist */ = {isa = PBXFileReference; lastKnownFileType = text.plist.xml; path = Info.plist; sourceTree = "<group>"; };
		294E05691A835BE4001232E4 /* PicItAppV02Tests.m */ = {isa = PBXFileReference; lastKnownFileType = sourcecode.c.objc; path = PicItAppV02Tests.m; sourceTree = "<group>"; };
		294E05731A835E0D001232E4 /* AVFoundation.framework */ = {isa = PBXFileReference; lastKnownFileType = wrapper.framework; name = AVFoundation.framework; path = System/Library/Frameworks/AVFoundation.framework; sourceTree = SDKROOT; };
		29937FF81A8361A800F602D3 /* rec.png */ = {isa = PBXFileReference; lastKnownFileType = image.png; path = rec.png; sourceTree = "<group>"; };
		29937FFA1A83664A00F602D3 /* AVCamPreviewView.m */ = {isa = PBXFileReference; fileEncoding = 4; lastKnownFileType = sourcecode.c.objc; path = AVCamPreviewView.m; sourceTree = "<group>"; };
		29937FFC1A83666200F602D3 /* AVCamPreviewView.h */ = {isa = PBXFileReference; lastKnownFileType = sourcecode.c.h; path = AVCamPreviewView.h; sourceTree = "<group>"; };
		29937FFE1A83810E00F602D3 /* PicturesViewController.h */ = {isa = PBXFileReference; fileEncoding = 4; lastKnownFileType = sourcecode.c.h; name = PicturesViewController.h; path = ../PicturesViewController.h; sourceTree = "<group>"; };
		29937FFF1A83810E00F602D3 /* PicturesViewController.m */ = {isa = PBXFileReference; fileEncoding = 4; lastKnownFileType = sourcecode.c.objc; name = PicturesViewController.m; path = ../PicturesViewController.m; sourceTree = "<group>"; };
		299380021A83B31D00F602D3 /* PViewController.h */ = {isa = PBXFileReference; lastKnownFileType = sourcecode.c.h; path = PViewController.h; sourceTree = "<group>"; };
		299380031A83B32900F602D3 /* PViewController.m */ = {isa = PBXFileReference; fileEncoding = 4; lastKnownFileType = sourcecode.c.objc; path = PViewController.m; sourceTree = "<group>"; };
/* End PBXFileReference section */

/* Begin PBXFrameworksBuildPhase section */
		294E05471A835BE4001232E4 /* Frameworks */ = {
			isa = PBXFrameworksBuildPhase;
			buildActionMask = 2147483647;
			files = (
				294E05741A835E0D001232E4 /* AVFoundation.framework in Frameworks */,
			);
			runOnlyForDeploymentPostprocessing = 0;
		};
		294E05601A835BE4001232E4 /* Frameworks */ = {
			isa = PBXFrameworksBuildPhase;
			buildActionMask = 2147483647;
			files = (
			);
			runOnlyForDeploymentPostprocessing = 0;
		};
/* End PBXFrameworksBuildPhase section */

/* Begin PBXGroup section */
		294E05411A835BE4001232E4 = {
			isa = PBXGroup;
			children = (
				294E05731A835E0D001232E4 /* AVFoundation.framework */,
				294E054C1A835BE4001232E4 /* PicItAppV02 */,
				294E05661A835BE4001232E4 /* PicItAppV02Tests */,
				294E054B1A835BE4001232E4 /* Products */,
			);
			sourceTree = "<group>";
		};
		294E054B1A835BE4001232E4 /* Products */ = {
			isa = PBXGroup;
			children = (
				294E054A1A835BE4001232E4 /* PicItAppV02.app */,
				294E05631A835BE4001232E4 /* PicItAppV02Tests.xctest */,
			);
			name = Products;
			sourceTree = "<group>";
		};
		294E054C1A835BE4001232E4 /* PicItAppV02 */ = {
			isa = PBXGroup;
			children = (
				299380031A83B32900F602D3 /* PViewController.m */,
				299380021A83B31D00F602D3 /* PViewController.h */,
				29937FFE1A83810E00F602D3 /* PicturesViewController.h */,
				29937FFF1A83810E00F602D3 /* PicturesViewController.m */,
				29937FFC1A83666200F602D3 /* AVCamPreviewView.h */,
				29937FFA1A83664A00F602D3 /* AVCamPreviewView.m */,
				29937FF81A8361A800F602D3 /* rec.png */,
				294E05511A835BE4001232E4 /* AppDelegate.h */,
				294E05521A835BE4001232E4 /* AppDelegate.m */,
				294E05571A835BE4001232E4 /* Main.storyboard */,
				294E055A1A835BE4001232E4 /* Images.xcassets */,
				294E055C1A835BE4001232E4 /* LaunchScreen.xib */,
				294E054D1A835BE4001232E4 /* Supporting Files */,
			);
			path = PicItAppV02;
			sourceTree = "<group>";
		};
		294E054D1A835BE4001232E4 /* Supporting Files */ = {
			isa = PBXGroup;
			children = (
				294E054E1A835BE4001232E4 /* Info.plist */,
				294E054F1A835BE4001232E4 /* main.m */,
			);
			name = "Supporting Files";
			sourceTree = "<group>";
		};
		294E05661A835BE4001232E4 /* PicItAppV02Tests */ = {
			isa = PBXGroup;
			children = (
				294E05691A835BE4001232E4 /* PicItAppV02Tests.m */,
				294E05671A835BE4001232E4 /* Supporting Files */,
			);
			path = PicItAppV02Tests;
			sourceTree = "<group>";
		};
		294E05671A835BE4001232E4 /* Supporting Files */ = {
			isa = PBXGroup;
			children = (
				294E05681A835BE4001232E4 /* Info.plist */,
			);
			name = "Supporting Files";
			sourceTree = "<group>";
		};
/* End PBXGroup section */

/* Begin PBXNativeTarget section */
		294E05491A835BE4001232E4 /* PicItAppV02 */ = {
			isa = PBXNativeTarget;
			buildConfigurationList = 294E056D1A835BE4001232E4 /* Build configuration list for PBXNativeTarget "PicItAppV02" */;
			buildPhases = (
				294E05461A835BE4001232E4 /* Sources */,
				294E05471A835BE4001232E4 /* Frameworks */,
				294E05481A835BE4001232E4 /* Resources */,
			);
			buildRules = (
			);
			dependencies = (
			);
			name = PicItAppV02;
			productName = PicItAppV02;
			productReference = 294E054A1A835BE4001232E4 /* PicItAppV02.app */;
			productType = "com.apple.product-type.application";
		};
		294E05621A835BE4001232E4 /* PicItAppV02Tests */ = {
			isa = PBXNativeTarget;
			buildConfigurationList = 294E05701A835BE4001232E4 /* Build configuration list for PBXNativeTarget "PicItAppV02Tests" */;
			buildPhases = (
				294E055F1A835BE4001232E4 /* Sources */,
				294E05601A835BE4001232E4 /* Frameworks */,
				294E05611A835BE4001232E4 /* Resources */,
			);
			buildRules = (
			);
			dependencies = (
				294E05651A835BE4001232E4 /* PBXTargetDependency */,
			);
			name = PicItAppV02Tests;
			productName = PicItAppV02Tests;
			productReference = 294E05631A835BE4001232E4 /* PicItAppV02Tests.xctest */;
			productType = "com.apple.product-type.bundle.unit-test";
		};
/* End PBXNativeTarget section */

/* Begin PBXProject section */
		294E05421A835BE4001232E4 /* Project object */ = {
			isa = PBXProject;
			attributes = {
				LastUpgradeCheck = 0610;
				ORGANIZATIONNAME = SolidApps;
				TargetAttributes = {
					294E05491A835BE4001232E4 = {
						CreatedOnToolsVersion = 6.1.1;
					};
					294E05621A835BE4001232E4 = {
						CreatedOnToolsVersion = 6.1.1;
						TestTargetID = 294E05491A835BE4001232E4;
					};
				};
			};
			buildConfigurationList = 294E05451A835BE4001232E4 /* Build configuration list for PBXProject "PicItAppV02" */;
			compatibilityVersion = "Xcode 3.2";
			developmentRegion = English;
			hasScannedForEncodings = 0;
			knownRegions = (
				en,
				Base,
			);
			mainGroup = 294E05411A835BE4001232E4;
			productRefGroup = 294E054B1A835BE4001232E4 /* Products */;
			projectDirPath = "";
			projectRoot = "";
			targets = (
				294E05491A835BE4001232E4 /* PicItAppV02 */,
				294E05621A835BE4001232E4 /* PicItAppV02Tests */,
			);
		};
/* End PBXProject section */

/* Begin PBXResourcesBuildPhase section */
		294E05481A835BE4001232E4 /* Resources */ = {
			isa = PBXResourcesBuildPhase;
			buildActionMask = 2147483647;
			files = (
				29937FF91A8361A800F602D3 /* rec.png in Resources */,
				294E05591A835BE4001232E4 /* Main.storyboard in Resources */,
				294E055E1A835BE4001232E4 /* LaunchScreen.xib in Resources */,
				294E055B1A835BE4001232E4 /* Images.xcassets in Resources */,
			);
			runOnlyForDeploymentPostprocessing = 0;
		};
		294E05611A835BE4001232E4 /* Resources */ = {
			isa = PBXResourcesBuildPhase;
			buildActionMask = 2147483647;
			files = (
			);
			runOnlyForDeploymentPostprocessing = 0;
		};
/* End PBXResourcesBuildPhase section */

/* Begin PBXSourcesBuildPhase section */
		294E05461A835BE4001232E4 /* Sources */ = {
			isa = PBXSourcesBuildPhase;
			buildActionMask = 2147483647;
			files = (
				294E05531A835BE4001232E4 /* AppDelegate.m in Sources */,
				299380001A83810E00F602D3 /* PicturesViewController.m in Sources */,
				29937FFB1A83664A00F602D3 /* AVCamPreviewView.m in Sources */,
				294E05501A835BE4001232E4 /* main.m in Sources */,
				299380041A83B32900F602D3 /* PViewController.m in Sources */,
			);
			runOnlyForDeploymentPostprocessing = 0;
		};
		294E055F1A835BE4001232E4 /* Sources */ = {
			isa = PBXSourcesBuildPhase;
			buildActionMask = 2147483647;
			files = (
				294E056A1A835BE4001232E4 /* PicItAppV02Tests.m in Sources */,
			);
			runOnlyForDeploymentPostprocessing = 0;
		};
/* End PBXSourcesBuildPhase section */

/* Begin PBXTargetDependency section */
		294E05651A835BE4001232E4 /* PBXTargetDependency */ = {
			isa = PBXTargetDependency;
			target = 294E05491A835BE4001232E4 /* PicItAppV02 */;
			targetProxy = 294E05641A835BE4001232E4 /* PBXContainerItemProxy */;
		};
/* End PBXTargetDependency section */

/* Begin PBXVariantGroup section */
		294E05571A835BE4001232E4 /* Main.storyboard */ = {
			isa = PBXVariantGroup;
			children = (
				294E05581A835BE4001232E4 /* Base */,
			);
			name = Main.storyboard;
			sourceTree = "<group>";
		};
		294E055C1A835BE4001232E4 /* LaunchScreen.xib */ = {
			isa = PBXVariantGroup;
			children = (
				294E055D1A835BE4001232E4 /* Base */,
			);
			name = LaunchScreen.xib;
			sourceTree = "<group>";
		};
/* End PBXVariantGroup section */

/* Begin XCBuildConfiguration section */
		294E056B1A835BE4001232E4 /* Debug */ = {
			isa = XCBuildConfiguration;
			buildSettings = {
				ALWAYS_SEARCH_USER_PATHS = NO;
				CLANG_CXX_LANGUAGE_STANDARD = "gnu++0x";
				CLANG_CXX_LIBRARY = "libc++";
				CLANG_ENABLE_MODULES = YES;
				CLANG_ENABLE_OBJC_ARC = YES;
				CLANG_WARN_BOOL_CONVERSION = YES;
				CLANG_WARN_CONSTANT_CONVERSION = YES;
				CLANG_WARN_DIRECT_OBJC_ISA_USAGE = YES_ERROR;
				CLANG_WARN_EMPTY_BODY = YES;
				CLANG_WARN_ENUM_CONVERSION = YES;
				CLANG_WARN_INT_CONVERSION = YES;
				CLANG_WARN_OBJC_ROOT_CLASS = YES_ERROR;
				CLANG_WARN_UNREACHABLE_CODE = YES;
				CLANG_WARN__DUPLICATE_METHOD_MATCH = YES;
				"CODE_SIGN_IDENTITY[sdk=iphoneos*]" = "iPhone Developer";
				COPY_PHASE_STRIP = NO;
				ENABLE_STRICT_OBJC_MSGSEND = YES;
				GCC_C_LANGUAGE_STANDARD = gnu99;
				GCC_DYNAMIC_NO_PIC = NO;
				GCC_OPTIMIZATION_LEVEL = 0;
				GCC_PREPROCESSOR_DEFINITIONS = (
					"DEBUG=1",
					"$(inherited)",
				);
				GCC_SYMBOLS_PRIVATE_EXTERN = NO;
				GCC_WARN_64_TO_32_BIT_CONVERSION = YES;
				GCC_WARN_ABOUT_RETURN_TYPE = YES_ERROR;
				GCC_WARN_UNDECLARED_SELECTOR = YES;
				GCC_WARN_UNINITIALIZED_AUTOS = YES_AGGRESSIVE;
				GCC_WARN_UNUSED_FUNCTION = YES;
				GCC_WARN_UNUSED_VARIABLE = YES;
				IPHONEOS_DEPLOYMENT_TARGET = 8.1;
				MTL_ENABLE_DEBUG_INFO = YES;
				ONLY_ACTIVE_ARCH = YES;
				SDKROOT = iphoneos;
			};
			name = Debug;
		};
		294E056C1A835BE4001232E4 /* Release */ = {
			isa = XCBuildConfiguration;
			buildSettings = {
				ALWAYS_SEARCH_USER_PATHS = NO;
				CLANG_CXX_LANGUAGE_STANDARD = "gnu++0x";
				CLANG_CXX_LIBRARY = "libc++";
				CLANG_ENABLE_MODULES = YES;
				CLANG_ENABLE_OBJC_ARC = YES;
				CLANG_WARN_BOOL_CONVERSION = YES;
				CLANG_WARN_CONSTANT_CONVERSION = YES;
				CLANG_WARN_DIRECT_OBJC_ISA_USAGE = YES_ERROR;
				CLANG_WARN_EMPTY_BODY = YES;
				CLANG_WARN_ENUM_CONVERSION = YES;
				CLANG_WARN_INT_CONVERSION = YES;
				CLANG_WARN_OBJC_ROOT_CLASS = YES_ERROR;
				CLANG_WARN_UNREACHABLE_CODE = YES;
				CLANG_WARN__DUPLICATE_METHOD_MATCH = YES;
				"CODE_SIGN_IDENTITY[sdk=iphoneos*]" = "iPhone Developer";
				COPY_PHASE_STRIP = YES;
				ENABLE_NS_ASSERTIONS = NO;
				ENABLE_STRICT_OBJC_MSGSEND = YES;
				GCC_C_LANGUAGE_STANDARD = gnu99;
				GCC_WARN_64_TO_32_BIT_CONVERSION = YES;
				GCC_WARN_ABOUT_RETURN_TYPE = YES_ERROR;
				GCC_WARN_UNDECLARED_SELECTOR = YES;
				GCC_WARN_UNINITIALIZED_AUTOS = YES_AGGRESSIVE;
				GCC_WARN_UNUSED_FUNCTION = YES;
				GCC_WARN_UNUSED_VARIABLE = YES;
				IPHONEOS_DEPLOYMENT_TARGET = 8.1;
				MTL_ENABLE_DEBUG_INFO = NO;
				SDKROOT = iphoneos;
				VALIDATE_PRODUCT = YES;
			};
			name = Release;
		};
		294E056E1A835BE4001232E4 /* Debug */ = {
			isa = XCBuildConfiguration;
			buildSettings = {
				ASSETCATALOG_COMPILER_APPICON_NAME = AppIcon;
				INFOPLIST_FILE = PicItAppV02/Info.plist;
				LD_RUNPATH_SEARCH_PATHS = "$(inherited) @executable_path/Frameworks";
				PRODUCT_NAME = "$(TARGET_NAME)";
			};
			name = Debug;
		};
		294E056F1A835BE4001232E4 /* Release */ = {
			isa = XCBuildConfiguration;
			buildSettings = {
				ASSETCATALOG_COMPILER_APPICON_NAME = AppIcon;
				INFOPLIST_FILE = PicItAppV02/Info.plist;
				LD_RUNPATH_SEARCH_PATHS = "$(inherited) @executable_path/Frameworks";
				PRODUCT_NAME = "$(TARGET_NAME)";
			};
			name = Release;
		};
		294E05711A835BE4001232E4 /* Debug */ = {
			isa = XCBuildConfiguration;
			buildSettings = {
				BUNDLE_LOADER = "$(TEST_HOST)";
				FRAMEWORK_SEARCH_PATHS = (
					"$(SDKROOT)/Developer/Library/Frameworks",
					"$(inherited)",
				);
				GCC_PREPROCESSOR_DEFINITIONS = (
					"DEBUG=1",
					"$(inherited)",
				);
				INFOPLIST_FILE = PicItAppV02Tests/Info.plist;
				LD_RUNPATH_SEARCH_PATHS = "$(inherited) @executable_path/Frameworks @loader_path/Frameworks";
				PRODUCT_NAME = "$(TARGET_NAME)";
				TEST_HOST = "$(BUILT_PRODUCTS_DIR)/PicItAppV02.app/PicItAppV02";
			};
			name = Debug;
		};
		294E05721A835BE4001232E4 /* Release */ = {
			isa = XCBuildConfiguration;
			buildSettings = {
				BUNDLE_LOADER = "$(TEST_HOST)";
				FRAMEWORK_SEARCH_PATHS = (
					"$(SDKROOT)/Developer/Library/Frameworks",
					"$(inherited)",
				);
				INFOPLIST_FILE = PicItAppV02Tests/Info.plist;
				LD_RUNPATH_SEARCH_PATHS = "$(inherited) @executable_path/Frameworks @loader_path/Frameworks";
				PRODUCT_NAME = "$(TARGET_NAME)";
				TEST_HOST = "$(BUILT_PRODUCTS_DIR)/PicItAppV02.app/PicItAppV02";
			};
			name = Release;
		};
/* End XCBuildConfiguration section */

/* Begin XCConfigurationList section */
		294E05451A835BE4001232E4 /* Build configuration list for PBXProject "PicItAppV02" */ = {
			isa = XCConfigurationList;
			buildConfigurations = (
				294E056B1A835BE4001232E4 /* Debug */,
				294E056C1A835BE4001232E4 /* Release */,
			);
			defaultConfigurationIsVisible = 0;
			defaultConfigurationName = Release;
		};
		294E056D1A835BE4001232E4 /* Build configuration list for PBXNativeTarget "PicItAppV02" */ = {
			isa = XCConfigurationList;
			buildConfigurations = (
				294E056E1A835BE4001232E4 /* Debug */,
				294E056F1A835BE4001232E4 /* Release */,
			);
			defaultConfigurationIsVisible = 0;
			defaultConfigurationName = Release;
		};
		294E05701A835BE4001232E4 /* Build configuration list for PBXNativeTarget "PicItAppV02Tests" */ = {
			isa = XCConfigurationList;
			buildConfigurations = (
				294E05711A835BE4001232E4 /* Debug */,
				294E05721A835BE4001232E4 /* Release */,
			);
			defaultConfigurationIsVisible = 0;
			defaultConfigurationName = Release;
		};
/* End XCConfigurationList section */
	};
	rootObject = 294E05421A835BE4001232E4 /* Project object */;
}
