// !$*UTF8*$!
{
	archiveVersion = 1;
	classes = {
	};
	objectVersion = 46;
	objects = {

/* Begin PBXBuildFile section */
		2925EABE1A7F615D0065422A /* main.m in Sources */ = {isa = PBXBuildFile; fileRef = 2925EABD1A7F615D0065422A /* main.m */; };
		2925EAC11A7F615D0065422A /* AppDelegate.m in Sources */ = {isa = PBXBuildFile; fileRef = 2925EAC01A7F615D0065422A /* AppDelegate.m */; };
		2925EAC41A7F615D0065422A /* ViewController.m in Sources */ = {isa = PBXBuildFile; fileRef = 2925EAC31A7F615D0065422A /* ViewController.m */; };
		2925EAC71A7F615D0065422A /* Main.storyboard in Resources */ = {isa = PBXBuildFile; fileRef = 2925EAC51A7F615D0065422A /* Main.storyboard */; };
		2925EAC91A7F615D0065422A /* Images.xcassets in Resources */ = {isa = PBXBuildFile; fileRef = 2925EAC81A7F615D0065422A /* Images.xcassets */; };
		2925EACC1A7F615D0065422A /* LaunchScreen.xib in Resources */ = {isa = PBXBuildFile; fileRef = 2925EACA1A7F615D0065422A /* LaunchScreen.xib */; };
		2925EAD81A7F615D0065422A /* PicItAppV1Tests.m in Sources */ = {isa = PBXBuildFile; fileRef = 2925EAD71A7F615D0065422A /* PicItAppV1Tests.m */; };
		2925EAE21A7F64C20065422A /* AVFoundation.framework in Frameworks */ = {isa = PBXBuildFile; fileRef = 2925EAE11A7F64C20065422A /* AVFoundation.framework */; };
/* End PBXBuildFile section */

/* Begin PBXContainerItemProxy section */
		2925EAD21A7F615D0065422A /* PBXContainerItemProxy */ = {
			isa = PBXContainerItemProxy;
			containerPortal = 2925EAB01A7F615D0065422A /* Project object */;
			proxyType = 1;
			remoteGlobalIDString = 2925EAB71A7F615D0065422A;
			remoteInfo = PicItAppV1;
		};
/* End PBXContainerItemProxy section */

/* Begin PBXFileReference section */
		2925EAB81A7F615D0065422A /* PicItAppV1.app */ = {isa = PBXFileReference; explicitFileType = wrapper.application; includeInIndex = 0; path = PicItAppV1.app; sourceTree = BUILT_PRODUCTS_DIR; };
		2925EABC1A7F615D0065422A /* Info.plist */ = {isa = PBXFileReference; lastKnownFileType = text.plist.xml; path = Info.plist; sourceTree = "<group>"; };
		2925EABD1A7F615D0065422A /* main.m */ = {isa = PBXFileReference; lastKnownFileType = sourcecode.c.objc; path = main.m; sourceTree = "<group>"; };
		2925EABF1A7F615D0065422A /* AppDelegate.h */ = {isa = PBXFileReference; lastKnownFileType = sourcecode.c.h; path = AppDelegate.h; sourceTree = "<group>"; };
		2925EAC01A7F615D0065422A /* AppDelegate.m */ = {isa = PBXFileReference; lastKnownFileType = sourcecode.c.objc; path = AppDelegate.m; sourceTree = "<group>"; };
		2925EAC21A7F615D0065422A /* ViewController.h */ = {isa = PBXFileReference; lastKnownFileType = sourcecode.c.h; path = ViewController.h; sourceTree = "<group>"; };
		2925EAC31A7F615D0065422A /* ViewController.m */ = {isa = PBXFileReference; lastKnownFileType = sourcecode.c.objc; path = ViewController.m; sourceTree = "<group>"; };
		2925EAC61A7F615D0065422A /* Base */ = {isa = PBXFileReference; lastKnownFileType = file.storyboard; name = Base; path = Base.lproj/Main.storyboard; sourceTree = "<group>"; };
		2925EAC81A7F615D0065422A /* Images.xcassets */ = {isa = PBXFileReference; lastKnownFileType = folder.assetcatalog; path = Images.xcassets; sourceTree = "<group>"; };
		2925EACB1A7F615D0065422A /* Base */ = {isa = PBXFileReference; lastKnownFileType = file.xib; name = Base; path = Base.lproj/LaunchScreen.xib; sourceTree = "<group>"; };
		2925EAD11A7F615D0065422A /* PicItAppV1Tests.xctest */ = {isa = PBXFileReference; explicitFileType = wrapper.cfbundle; includeInIndex = 0; path = PicItAppV1Tests.xctest; sourceTree = BUILT_PRODUCTS_DIR; };
		2925EAD61A7F615D0065422A /* Info.plist */ = {isa = PBXFileReference; lastKnownFileType = text.plist.xml; path = Info.plist; sourceTree = "<group>"; };
		2925EAD71A7F615D0065422A /* PicItAppV1Tests.m */ = {isa = PBXFileReference; lastKnownFileType = sourcecode.c.objc; path = PicItAppV1Tests.m; sourceTree = "<group>"; };
		2925EAE11A7F64C20065422A /* AVFoundation.framework */ = {isa = PBXFileReference; lastKnownFileType = wrapper.framework; name = AVFoundation.framework; path = System/Library/Frameworks/AVFoundation.framework; sourceTree = SDKROOT; };
/* End PBXFileReference section */

/* Begin PBXFrameworksBuildPhase section */
		2925EAB51A7F615D0065422A /* Frameworks */ = {
			isa = PBXFrameworksBuildPhase;
			buildActionMask = 2147483647;
			files = (
				2925EAE21A7F64C20065422A /* AVFoundation.framework in Frameworks */,
			);
			runOnlyForDeploymentPostprocessing = 0;
		};
		2925EACE1A7F615D0065422A /* Frameworks */ = {
			isa = PBXFrameworksBuildPhase;
			buildActionMask = 2147483647;
			files = (
			);
			runOnlyForDeploymentPostprocessing = 0;
		};
/* End PBXFrameworksBuildPhase section */

/* Begin PBXGroup section */
		2925EAAF1A7F615C0065422A = {
			isa = PBXGroup;
			children = (
				2925EAE11A7F64C20065422A /* AVFoundation.framework */,
				2925EABA1A7F615D0065422A /* PicItAppV1 */,
				2925EAD41A7F615D0065422A /* PicItAppV1Tests */,
				2925EAB91A7F615D0065422A /* Products */,
			);
			sourceTree = "<group>";
		};
		2925EAB91A7F615D0065422A /* Products */ = {
			isa = PBXGroup;
			children = (
				2925EAB81A7F615D0065422A /* PicItAppV1.app */,
				2925EAD11A7F615D0065422A /* PicItAppV1Tests.xctest */,
			);
			name = Products;
			sourceTree = "<group>";
		};
		2925EABA1A7F615D0065422A /* PicItAppV1 */ = {
			isa = PBXGroup;
			children = (
				2925EABF1A7F615D0065422A /* AppDelegate.h */,
				2925EAC01A7F615D0065422A /* AppDelegate.m */,
				2925EAC21A7F615D0065422A /* ViewController.h */,
				2925EAC31A7F615D0065422A /* ViewController.m */,
				2925EAC51A7F615D0065422A /* Main.storyboard */,
				2925EAC81A7F615D0065422A /* Images.xcassets */,
				2925EACA1A7F615D0065422A /* LaunchScreen.xib */,
				2925EABB1A7F615D0065422A /* Supporting Files */,
			);
			path = PicItAppV1;
			sourceTree = "<group>";
		};
		2925EABB1A7F615D0065422A /* Supporting Files */ = {
			isa = PBXGroup;
			children = (
				2925EABC1A7F615D0065422A /* Info.plist */,
				2925EABD1A7F615D0065422A /* main.m */,
			);
			name = "Supporting Files";
			sourceTree = "<group>";
		};
		2925EAD41A7F615D0065422A /* PicItAppV1Tests */ = {
			isa = PBXGroup;
			children = (
				2925EAD71A7F615D0065422A /* PicItAppV1Tests.m */,
				2925EAD51A7F615D0065422A /* Supporting Files */,
			);
			path = PicItAppV1Tests;
			sourceTree = "<group>";
		};
		2925EAD51A7F615D0065422A /* Supporting Files */ = {
			isa = PBXGroup;
			children = (
				2925EAD61A7F615D0065422A /* Info.plist */,
			);
			name = "Supporting Files";
			sourceTree = "<group>";
		};
/* End PBXGroup section */

/* Begin PBXNativeTarget section */
		2925EAB71A7F615D0065422A /* PicItAppV1 */ = {
			isa = PBXNativeTarget;
			buildConfigurationList = 2925EADB1A7F615D0065422A /* Build configuration list for PBXNativeTarget "PicItAppV1" */;
			buildPhases = (
				2925EAB41A7F615D0065422A /* Sources */,
				2925EAB51A7F615D0065422A /* Frameworks */,
				2925EAB61A7F615D0065422A /* Resources */,
			);
			buildRules = (
			);
			dependencies = (
			);
			name = PicItAppV1;
			productName = PicItAppV1;
			productReference = 2925EAB81A7F615D0065422A /* PicItAppV1.app */;
			productType = "com.apple.product-type.application";
		};
		2925EAD01A7F615D0065422A /* PicItAppV1Tests */ = {
			isa = PBXNativeTarget;
			buildConfigurationList = 2925EADE1A7F615D0065422A /* Build configuration list for PBXNativeTarget "PicItAppV1Tests" */;
			buildPhases = (
				2925EACD1A7F615D0065422A /* Sources */,
				2925EACE1A7F615D0065422A /* Frameworks */,
				2925EACF1A7F615D0065422A /* Resources */,
			);
			buildRules = (
			);
			dependencies = (
				2925EAD31A7F615D0065422A /* PBXTargetDependency */,
			);
			name = PicItAppV1Tests;
			productName = PicItAppV1Tests;
			productReference = 2925EAD11A7F615D0065422A /* PicItAppV1Tests.xctest */;
			productType = "com.apple.product-type.bundle.unit-test";
		};
/* End PBXNativeTarget section */

/* Begin PBXProject section */
		2925EAB01A7F615D0065422A /* Project object */ = {
			isa = PBXProject;
			attributes = {
				LastUpgradeCheck = 0610;
				ORGANIZATIONNAME = SolidApps;
				TargetAttributes = {
					2925EAB71A7F615D0065422A = {
						CreatedOnToolsVersion = 6.1.1;
					};
					2925EAD01A7F615D0065422A = {
						CreatedOnToolsVersion = 6.1.1;
						TestTargetID = 2925EAB71A7F615D0065422A;
					};
				};
			};
			buildConfigurationList = 2925EAB31A7F615D0065422A /* Build configuration list for PBXProject "PicItAppV1" */;
			compatibilityVersion = "Xcode 3.2";
			developmentRegion = English;
			hasScannedForEncodings = 0;
			knownRegions = (
				en,
				Base,
			);
			mainGroup = 2925EAAF1A7F615C0065422A;
			productRefGroup = 2925EAB91A7F615D0065422A /* Products */;
			projectDirPath = "";
			projectRoot = "";
			targets = (
				2925EAB71A7F615D0065422A /* PicItAppV1 */,
				2925EAD01A7F615D0065422A /* PicItAppV1Tests */,
			);
		};
/* End PBXProject section */

/* Begin PBXResourcesBuildPhase section */
		2925EAB61A7F615D0065422A /* Resources */ = {
			isa = PBXResourcesBuildPhase;
			buildActionMask = 2147483647;
			files = (
				2925EAC71A7F615D0065422A /* Main.storyboard in Resources */,
				2925EACC1A7F615D0065422A /* LaunchScreen.xib in Resources */,
				2925EAC91A7F615D0065422A /* Images.xcassets in Resources */,
			);
			runOnlyForDeploymentPostprocessing = 0;
		};
		2925EACF1A7F615D0065422A /* Resources */ = {
			isa = PBXResourcesBuildPhase;
			buildActionMask = 2147483647;
			files = (
			);
			runOnlyForDeploymentPostprocessing = 0;
		};
/* End PBXResourcesBuildPhase section */

/* Begin PBXSourcesBuildPhase section */
		2925EAB41A7F615D0065422A /* Sources */ = {
			isa = PBXSourcesBuildPhase;
			buildActionMask = 2147483647;
			files = (
				2925EAC41A7F615D0065422A /* ViewController.m in Sources */,
				2925EAC11A7F615D0065422A /* AppDelegate.m in Sources */,
				2925EABE1A7F615D0065422A /* main.m in Sources */,
			);
			runOnlyForDeploymentPostprocessing = 0;
		};
		2925EACD1A7F615D0065422A /* Sources */ = {
			isa = PBXSourcesBuildPhase;
			buildActionMask = 2147483647;
			files = (
				2925EAD81A7F615D0065422A /* PicItAppV1Tests.m in Sources */,
			);
			runOnlyForDeploymentPostprocessing = 0;
		};
/* End PBXSourcesBuildPhase section */

/* Begin PBXTargetDependency section */
		2925EAD31A7F615D0065422A /* PBXTargetDependency */ = {
			isa = PBXTargetDependency;
			target = 2925EAB71A7F615D0065422A /* PicItAppV1 */;
			targetProxy = 2925EAD21A7F615D0065422A /* PBXContainerItemProxy */;
		};
/* End PBXTargetDependency section */

/* Begin PBXVariantGroup section */
		2925EAC51A7F615D0065422A /* Main.storyboard */ = {
			isa = PBXVariantGroup;
			children = (
				2925EAC61A7F615D0065422A /* Base */,
			);
			name = Main.storyboard;
			sourceTree = "<group>";
		};
		2925EACA1A7F615D0065422A /* LaunchScreen.xib */ = {
			isa = PBXVariantGroup;
			children = (
				2925EACB1A7F615D0065422A /* Base */,
			);
			name = LaunchScreen.xib;
			sourceTree = "<group>";
		};
/* End PBXVariantGroup section */

/* Begin XCBuildConfiguration section */
		2925EAD91A7F615D0065422A /* Debug */ = {
			isa = XCBuildConfiguration;
			buildSettings = {
				ALWAYS_SEARCH_USER_PATHS = NO;
				CLANG_CXX_LANGUAGE_STANDARD = "gnu++0x";
				CLANG_CXX_LIBRARY = "libc++";
				CLANG_ENABLE_MODULES = YES;
				CLANG_ENABLE_OBJC_ARC = YES;
				CLANG_WARN_BOOL_CONVERSION = YES;
				CLANG_WARN_CONSTANT_CONVERSION = YES;
				CLANG_WARN_DIRECT_OBJC_ISA_USAGE = YES_ERROR;
				CLANG_WARN_EMPTY_BODY = YES;
				CLANG_WARN_ENUM_CONVERSION = YES;
				CLANG_WARN_INT_CONVERSION = YES;
				CLANG_WARN_OBJC_ROOT_CLASS = YES_ERROR;
				CLANG_WARN_UNREACHABLE_CODE = YES;
				CLANG_WARN__DUPLICATE_METHOD_MATCH = YES;
				"CODE_SIGN_IDENTITY[sdk=iphoneos*]" = "iPhone Developer";
				COPY_PHASE_STRIP = NO;
				ENABLE_STRICT_OBJC_MSGSEND = YES;
				GCC_C_LANGUAGE_STANDARD = gnu99;
				GCC_DYNAMIC_NO_PIC = NO;
				GCC_OPTIMIZATION_LEVEL = 0;
				GCC_PREPROCESSOR_DEFINITIONS = (
					"DEBUG=1",
					"$(inherited)",
				);
				GCC_SYMBOLS_PRIVATE_EXTERN = NO;
				GCC_WARN_64_TO_32_BIT_CONVERSION = YES;
				GCC_WARN_ABOUT_RETURN_TYPE = YES_ERROR;
				GCC_WARN_UNDECLARED_SELECTOR = YES;
				GCC_WARN_UNINITIALIZED_AUTOS = YES_AGGRESSIVE;
				GCC_WARN_UNUSED_FUNCTION = YES;
				GCC_WARN_UNUSED_VARIABLE = YES;
				IPHONEOS_DEPLOYMENT_TARGET = 8.1;
				MTL_ENABLE_DEBUG_INFO = YES;
				ONLY_ACTIVE_ARCH = YES;
				SDKROOT = iphoneos;
			};
			name = Debug;
		};
		2925EADA1A7F615D0065422A /* Release */ = {
			isa = XCBuildConfiguration;
			buildSettings = {
				ALWAYS_SEARCH_USER_PATHS = NO;
				CLANG_CXX_LANGUAGE_STANDARD = "gnu++0x";
				CLANG_CXX_LIBRARY = "libc++";
				CLANG_ENABLE_MODULES = YES;
				CLANG_ENABLE_OBJC_ARC = YES;
				CLANG_WARN_BOOL_CONVERSION = YES;
				CLANG_WARN_CONSTANT_CONVERSION = YES;
				CLANG_WARN_DIRECT_OBJC_ISA_USAGE = YES_ERROR;
				CLANG_WARN_EMPTY_BODY = YES;
				CLANG_WARN_ENUM_CONVERSION = YES;
				CLANG_WARN_INT_CONVERSION = YES;
				CLANG_WARN_OBJC_ROOT_CLASS = YES_ERROR;
				CLANG_WARN_UNREACHABLE_CODE = YES;
				CLANG_WARN__DUPLICATE_METHOD_MATCH = YES;
				"CODE_SIGN_IDENTITY[sdk=iphoneos*]" = "iPhone Developer";
				COPY_PHASE_STRIP = YES;
				ENABLE_NS_ASSERTIONS = NO;
				ENABLE_STRICT_OBJC_MSGSEND = YES;
				GCC_C_LANGUAGE_STANDARD = gnu99;
				GCC_WARN_64_TO_32_BIT_CONVERSION = YES;
				GCC_WARN_ABOUT_RETURN_TYPE = YES_ERROR;
				GCC_WARN_UNDECLARED_SELECTOR = YES;
				GCC_WARN_UNINITIALIZED_AUTOS = YES_AGGRESSIVE;
				GCC_WARN_UNUSED_FUNCTION = YES;
				GCC_WARN_UNUSED_VARIABLE = YES;
				IPHONEOS_DEPLOYMENT_TARGET = 8.1;
				MTL_ENABLE_DEBUG_INFO = NO;
				SDKROOT = iphoneos;
				VALIDATE_PRODUCT = YES;
			};
			name = Release;
		};
		2925EADC1A7F615D0065422A /* Debug */ = {
			isa = XCBuildConfiguration;
			buildSettings = {
				ASSETCATALOG_COMPILER_APPICON_NAME = AppIcon;
				INFOPLIST_FILE = PicItAppV1/Info.plist;
				LD_RUNPATH_SEARCH_PATHS = "$(inherited) @executable_path/Frameworks";
				PRODUCT_NAME = "$(TARGET_NAME)";
			};
			name = Debug;
		};
		2925EADD1A7F615D0065422A /* Release */ = {
			isa = XCBuildConfiguration;
			buildSettings = {
				ASSETCATALOG_COMPILER_APPICON_NAME = AppIcon;
				INFOPLIST_FILE = PicItAppV1/Info.plist;
				LD_RUNPATH_SEARCH_PATHS = "$(inherited) @executable_path/Frameworks";
				PRODUCT_NAME = "$(TARGET_NAME)";
			};
			name = Release;
		};
		2925EADF1A7F615D0065422A /* Debug */ = {
			isa = XCBuildConfiguration;
			buildSettings = {
				BUNDLE_LOADER = "$(TEST_HOST)";
				FRAMEWORK_SEARCH_PATHS = (
					"$(SDKROOT)/Developer/Library/Frameworks",
					"$(inherited)",
				);
				GCC_PREPROCESSOR_DEFINITIONS = (
					"DEBUG=1",
					"$(inherited)",
				);
				INFOPLIST_FILE = PicItAppV1Tests/Info.plist;
				LD_RUNPATH_SEARCH_PATHS = "$(inherited) @executable_path/Frameworks @loader_path/Frameworks";
				PRODUCT_NAME = "$(TARGET_NAME)";
				TEST_HOST = "$(BUILT_PRODUCTS_DIR)/PicItAppV1.app/PicItAppV1";
			};
			name = Debug;
		};
		2925EAE01A7F615D0065422A /* Release */ = {
			isa = XCBuildConfiguration;
			buildSettings = {
				BUNDLE_LOADER = "$(TEST_HOST)";
				FRAMEWORK_SEARCH_PATHS = (
					"$(SDKROOT)/Developer/Library/Frameworks",
					"$(inherited)",
				);
				INFOPLIST_FILE = PicItAppV1Tests/Info.plist;
				LD_RUNPATH_SEARCH_PATHS = "$(inherited) @executable_path/Frameworks @loader_path/Frameworks";
				PRODUCT_NAME = "$(TARGET_NAME)";
				TEST_HOST = "$(BUILT_PRODUCTS_DIR)/PicItAppV1.app/PicItAppV1";
			};
			name = Release;
		};
/* End XCBuildConfiguration section */

/* Begin XCConfigurationList section */
		2925EAB31A7F615D0065422A /* Build configuration list for PBXProject "PicItAppV1" */ = {
			isa = XCConfigurationList;
			buildConfigurations = (
				2925EAD91A7F615D0065422A /* Debug */,
				2925EADA1A7F615D0065422A /* Release */,
			);
			defaultConfigurationIsVisible = 0;
			defaultConfigurationName = Release;
		};
		2925EADB1A7F615D0065422A /* Build configuration list for PBXNativeTarget "PicItAppV1" */ = {
			isa = XCConfigurationList;
			buildConfigurations = (
				2925EADC1A7F615D0065422A /* Debug */,
				2925EADD1A7F615D0065422A /* Release */,
			);
			defaultConfigurationIsVisible = 0;
		};
		2925EADE1A7F615D0065422A /* Build configuration list for PBXNativeTarget "PicItAppV1Tests" */ = {
			isa = XCConfigurationList;
			buildConfigurations = (
				2925EADF1A7F615D0065422A /* Debug */,
				2925EAE01A7F615D0065422A /* Release */,
			);
			defaultConfigurationIsVisible = 0;
		};
/* End XCConfigurationList section */
	};
	rootObject = 2925EAB01A7F615D0065422A /* Project object */;
}
