// !$*UTF8*$!
{
	archiveVersion = 1;
	classes = {
	};
	objectVersion = 46;
	objects = {

/* Begin PBXBuildFile section */
		29BA5E611A77861400AE0902 /* RecordVideoViewController.m in Sources */ = {isa = PBXBuildFile; fileRef = 29BA5E601A77861400AE0902 /* RecordVideoViewController.m */; };
		29FDBA061A762613005B9855 /* main.m in Sources */ = {isa = PBXBuildFile; fileRef = 29FDBA051A762613005B9855 /* main.m */; };
		29FDBA091A762613005B9855 /* AppDelegate.m in Sources */ = {isa = PBXBuildFile; fileRef = 29FDBA081A762613005B9855 /* AppDelegate.m */; };
		29FDBA0C1A762613005B9855 /* ViewController.m in Sources */ = {isa = PBXBuildFile; fileRef = 29FDBA0B1A762613005B9855 /* ViewController.m */; };
		29FDBA0F1A762613005B9855 /* Main.storyboard in Resources */ = {isa = PBXBuildFile; fileRef = 29FDBA0D1A762613005B9855 /* Main.storyboard */; };
		29FDBA111A762613005B9855 /* Images.xcassets in Resources */ = {isa = PBXBuildFile; fileRef = 29FDBA101A762613005B9855 /* Images.xcassets */; };
		29FDBA141A762613005B9855 /* LaunchScreen.xib in Resources */ = {isa = PBXBuildFile; fileRef = 29FDBA121A762613005B9855 /* LaunchScreen.xib */; };
		29FDBA201A762613005B9855 /* VideoPlayRecordTests.m in Sources */ = {isa = PBXBuildFile; fileRef = 29FDBA1F1A762613005B9855 /* VideoPlayRecordTests.m */; };
		29FDBA2A1A76279B005B9855 /* AssetsLibrary.framework in Frameworks */ = {isa = PBXBuildFile; fileRef = 29FDBA291A76279B005B9855 /* AssetsLibrary.framework */; };
		29FDBA2C1A7627A2005B9855 /* AVFoundation.framework in Frameworks */ = {isa = PBXBuildFile; fileRef = 29FDBA2B1A7627A2005B9855 /* AVFoundation.framework */; };
		29FDBA2E1A7627AF005B9855 /* CoreMedia.framework in Frameworks */ = {isa = PBXBuildFile; fileRef = 29FDBA2D1A7627AF005B9855 /* CoreMedia.framework */; };
		29FDBA301A7627C6005B9855 /* MediaPlayer.framework in Frameworks */ = {isa = PBXBuildFile; fileRef = 29FDBA2F1A7627C6005B9855 /* MediaPlayer.framework */; };
		29FDBA321A7627D1005B9855 /* MobileCoreServices.framework in Frameworks */ = {isa = PBXBuildFile; fileRef = 29FDBA311A7627D1005B9855 /* MobileCoreServices.framework */; };
		29FDBA341A7627E7005B9855 /* QuartzCore.framework in Frameworks */ = {isa = PBXBuildFile; fileRef = 29FDBA331A7627E7005B9855 /* QuartzCore.framework */; };
		29FDBA371A763843005B9855 /* PlayVideoViewController.m in Sources */ = {isa = PBXBuildFile; fileRef = 29FDBA361A763843005B9855 /* PlayVideoViewController.m */; };
/* End PBXBuildFile section */

/* Begin PBXContainerItemProxy section */
		29FDBA1A1A762613005B9855 /* PBXContainerItemProxy */ = {
			isa = PBXContainerItemProxy;
			containerPortal = 29FDB9F81A762613005B9855 /* Project object */;
			proxyType = 1;
			remoteGlobalIDString = 29FDB9FF1A762613005B9855;
			remoteInfo = VideoPlayRecord;
		};
/* End PBXContainerItemProxy section */

/* Begin PBXFileReference section */
		29BA5E5F1A77861400AE0902 /* RecordVideoViewController.h */ = {isa = PBXFileReference; fileEncoding = 4; lastKnownFileType = sourcecode.c.h; name = RecordVideoViewController.h; path = ../RecordVideoViewController.h; sourceTree = "<group>"; };
		29BA5E601A77861400AE0902 /* RecordVideoViewController.m */ = {isa = PBXFileReference; fileEncoding = 4; lastKnownFileType = sourcecode.c.objc; name = RecordVideoViewController.m; path = ../RecordVideoViewController.m; sourceTree = "<group>"; };
		29FDBA001A762613005B9855 /* VideoPlayRecord.app */ = {isa = PBXFileReference; explicitFileType = wrapper.application; includeInIndex = 0; path = VideoPlayRecord.app; sourceTree = BUILT_PRODUCTS_DIR; };
		29FDBA041A762613005B9855 /* Info.plist */ = {isa = PBXFileReference; lastKnownFileType = text.plist.xml; path = Info.plist; sourceTree = "<group>"; };
		29FDBA051A762613005B9855 /* main.m */ = {isa = PBXFileReference; lastKnownFileType = sourcecode.c.objc; path = main.m; sourceTree = "<group>"; };
		29FDBA071A762613005B9855 /* AppDelegate.h */ = {isa = PBXFileReference; lastKnownFileType = sourcecode.c.h; path = AppDelegate.h; sourceTree = "<group>"; };
		29FDBA081A762613005B9855 /* AppDelegate.m */ = {isa = PBXFileReference; lastKnownFileType = sourcecode.c.objc; path = AppDelegate.m; sourceTree = "<group>"; };
		29FDBA0A1A762613005B9855 /* ViewController.h */ = {isa = PBXFileReference; lastKnownFileType = sourcecode.c.h; path = ViewController.h; sourceTree = "<group>"; };
		29FDBA0B1A762613005B9855 /* ViewController.m */ = {isa = PBXFileReference; lastKnownFileType = sourcecode.c.objc; path = ViewController.m; sourceTree = "<group>"; };
		29FDBA0E1A762613005B9855 /* Base */ = {isa = PBXFileReference; lastKnownFileType = file.storyboard; name = Base; path = Base.lproj/Main.storyboard; sourceTree = "<group>"; };
		29FDBA101A762613005B9855 /* Images.xcassets */ = {isa = PBXFileReference; lastKnownFileType = folder.assetcatalog; path = Images.xcassets; sourceTree = "<group>"; };
		29FDBA131A762613005B9855 /* Base */ = {isa = PBXFileReference; lastKnownFileType = file.xib; name = Base; path = Base.lproj/LaunchScreen.xib; sourceTree = "<group>"; };
		29FDBA191A762613005B9855 /* VideoPlayRecordTests.xctest */ = {isa = PBXFileReference; explicitFileType = wrapper.cfbundle; includeInIndex = 0; path = VideoPlayRecordTests.xctest; sourceTree = BUILT_PRODUCTS_DIR; };
		29FDBA1E1A762613005B9855 /* Info.plist */ = {isa = PBXFileReference; lastKnownFileType = text.plist.xml; path = Info.plist; sourceTree = "<group>"; };
		29FDBA1F1A762613005B9855 /* VideoPlayRecordTests.m */ = {isa = PBXFileReference; lastKnownFileType = sourcecode.c.objc; path = VideoPlayRecordTests.m; sourceTree = "<group>"; };
		29FDBA291A76279B005B9855 /* AssetsLibrary.framework */ = {isa = PBXFileReference; lastKnownFileType = wrapper.framework; name = AssetsLibrary.framework; path = System/Library/Frameworks/AssetsLibrary.framework; sourceTree = SDKROOT; };
		29FDBA2B1A7627A2005B9855 /* AVFoundation.framework */ = {isa = PBXFileReference; lastKnownFileType = wrapper.framework; name = AVFoundation.framework; path = System/Library/Frameworks/AVFoundation.framework; sourceTree = SDKROOT; };
		29FDBA2D1A7627AF005B9855 /* CoreMedia.framework */ = {isa = PBXFileReference; lastKnownFileType = wrapper.framework; name = CoreMedia.framework; path = System/Library/Frameworks/CoreMedia.framework; sourceTree = SDKROOT; };
		29FDBA2F1A7627C6005B9855 /* MediaPlayer.framework */ = {isa = PBXFileReference; lastKnownFileType = wrapper.framework; name = MediaPlayer.framework; path = System/Library/Frameworks/MediaPlayer.framework; sourceTree = SDKROOT; };
		29FDBA311A7627D1005B9855 /* MobileCoreServices.framework */ = {isa = PBXFileReference; lastKnownFileType = wrapper.framework; name = MobileCoreServices.framework; path = System/Library/Frameworks/MobileCoreServices.framework; sourceTree = SDKROOT; };
		29FDBA331A7627E7005B9855 /* QuartzCore.framework */ = {isa = PBXFileReference; lastKnownFileType = wrapper.framework; name = QuartzCore.framework; path = System/Library/Frameworks/QuartzCore.framework; sourceTree = SDKROOT; };
		29FDBA351A763843005B9855 /* PlayVideoViewController.h */ = {isa = PBXFileReference; fileEncoding = 4; lastKnownFileType = sourcecode.c.h; path = PlayVideoViewController.h; sourceTree = "<group>"; };
		29FDBA361A763843005B9855 /* PlayVideoViewController.m */ = {isa = PBXFileReference; fileEncoding = 4; lastKnownFileType = sourcecode.c.objc; path = PlayVideoViewController.m; sourceTree = "<group>"; };
/* End PBXFileReference section */

/* Begin PBXFrameworksBuildPhase section */
		29FDB9FD1A762613005B9855 /* Frameworks */ = {
			isa = PBXFrameworksBuildPhase;
			buildActionMask = 2147483647;
			files = (
				29FDBA341A7627E7005B9855 /* QuartzCore.framework in Frameworks */,
				29FDBA321A7627D1005B9855 /* MobileCoreServices.framework in Frameworks */,
				29FDBA301A7627C6005B9855 /* MediaPlayer.framework in Frameworks */,
				29FDBA2E1A7627AF005B9855 /* CoreMedia.framework in Frameworks */,
				29FDBA2C1A7627A2005B9855 /* AVFoundation.framework in Frameworks */,
				29FDBA2A1A76279B005B9855 /* AssetsLibrary.framework in Frameworks */,
			);
			runOnlyForDeploymentPostprocessing = 0;
		};
		29FDBA161A762613005B9855 /* Frameworks */ = {
			isa = PBXFrameworksBuildPhase;
			buildActionMask = 2147483647;
			files = (
			);
			runOnlyForDeploymentPostprocessing = 0;
		};
/* End PBXFrameworksBuildPhase section */

/* Begin PBXGroup section */
		29FDB9F71A762613005B9855 = {
			isa = PBXGroup;
			children = (
				29FDBA331A7627E7005B9855 /* QuartzCore.framework */,
				29FDBA311A7627D1005B9855 /* MobileCoreServices.framework */,
				29FDBA2F1A7627C6005B9855 /* MediaPlayer.framework */,
				29FDBA2D1A7627AF005B9855 /* CoreMedia.framework */,
				29FDBA2B1A7627A2005B9855 /* AVFoundation.framework */,
				29FDBA291A76279B005B9855 /* AssetsLibrary.framework */,
				29FDBA021A762613005B9855 /* VideoPlayRecord */,
				29FDBA1C1A762613005B9855 /* VideoPlayRecordTests */,
				29FDBA011A762613005B9855 /* Products */,
			);
			sourceTree = "<group>";
		};
		29FDBA011A762613005B9855 /* Products */ = {
			isa = PBXGroup;
			children = (
				29FDBA001A762613005B9855 /* VideoPlayRecord.app */,
				29FDBA191A762613005B9855 /* VideoPlayRecordTests.xctest */,
			);
			name = Products;
			sourceTree = "<group>";
		};
		29FDBA021A762613005B9855 /* VideoPlayRecord */ = {
			isa = PBXGroup;
			children = (
				29FDBA071A762613005B9855 /* AppDelegate.h */,
				29FDBA081A762613005B9855 /* AppDelegate.m */,
				29FDBA0A1A762613005B9855 /* ViewController.h */,
				29FDBA0B1A762613005B9855 /* ViewController.m */,
				29FDBA0D1A762613005B9855 /* Main.storyboard */,
				29FDBA351A763843005B9855 /* PlayVideoViewController.h */,
				29FDBA361A763843005B9855 /* PlayVideoViewController.m */,
				29BA5E5F1A77861400AE0902 /* RecordVideoViewController.h */,
				29BA5E601A77861400AE0902 /* RecordVideoViewController.m */,
				29FDBA101A762613005B9855 /* Images.xcassets */,
				29FDBA121A762613005B9855 /* LaunchScreen.xib */,
				29FDBA031A762613005B9855 /* Supporting Files */,
			);
			path = VideoPlayRecord;
			sourceTree = "<group>";
		};
		29FDBA031A762613005B9855 /* Supporting Files */ = {
			isa = PBXGroup;
			children = (
				29FDBA041A762613005B9855 /* Info.plist */,
				29FDBA051A762613005B9855 /* main.m */,
			);
			name = "Supporting Files";
			sourceTree = "<group>";
		};
		29FDBA1C1A762613005B9855 /* VideoPlayRecordTests */ = {
			isa = PBXGroup;
			children = (
				29FDBA1F1A762613005B9855 /* VideoPlayRecordTests.m */,
				29FDBA1D1A762613005B9855 /* Supporting Files */,
			);
			path = VideoPlayRecordTests;
			sourceTree = "<group>";
		};
		29FDBA1D1A762613005B9855 /* Supporting Files */ = {
			isa = PBXGroup;
			children = (
				29FDBA1E1A762613005B9855 /* Info.plist */,
			);
			name = "Supporting Files";
			sourceTree = "<group>";
		};
/* End PBXGroup section */

/* Begin PBXNativeTarget section */
		29FDB9FF1A762613005B9855 /* VideoPlayRecord */ = {
			isa = PBXNativeTarget;
			buildConfigurationList = 29FDBA231A762613005B9855 /* Build configuration list for PBXNativeTarget "VideoPlayRecord" */;
			buildPhases = (
				29FDB9FC1A762613005B9855 /* Sources */,
				29FDB9FD1A762613005B9855 /* Frameworks */,
				29FDB9FE1A762613005B9855 /* Resources */,
			);
			buildRules = (
			);
			dependencies = (
			);
			name = VideoPlayRecord;
			productName = VideoPlayRecord;
			productReference = 29FDBA001A762613005B9855 /* VideoPlayRecord.app */;
			productType = "com.apple.product-type.application";
		};
		29FDBA181A762613005B9855 /* VideoPlayRecordTests */ = {
			isa = PBXNativeTarget;
			buildConfigurationList = 29FDBA261A762613005B9855 /* Build configuration list for PBXNativeTarget "VideoPlayRecordTests" */;
			buildPhases = (
				29FDBA151A762613005B9855 /* Sources */,
				29FDBA161A762613005B9855 /* Frameworks */,
				29FDBA171A762613005B9855 /* Resources */,
			);
			buildRules = (
			);
			dependencies = (
				29FDBA1B1A762613005B9855 /* PBXTargetDependency */,
			);
			name = VideoPlayRecordTests;
			productName = VideoPlayRecordTests;
			productReference = 29FDBA191A762613005B9855 /* VideoPlayRecordTests.xctest */;
			productType = "com.apple.product-type.bundle.unit-test";
		};
/* End PBXNativeTarget section */

/* Begin PBXProject section */
		29FDB9F81A762613005B9855 /* Project object */ = {
			isa = PBXProject;
			attributes = {
				LastUpgradeCheck = 0610;
				ORGANIZATIONNAME = SolidApps;
				TargetAttributes = {
					29FDB9FF1A762613005B9855 = {
						CreatedOnToolsVersion = 6.1.1;
					};
					29FDBA181A762613005B9855 = {
						CreatedOnToolsVersion = 6.1.1;
						TestTargetID = 29FDB9FF1A762613005B9855;
					};
				};
			};
			buildConfigurationList = 29FDB9FB1A762613005B9855 /* Build configuration list for PBXProject "VideoPlayRecord" */;
			compatibilityVersion = "Xcode 3.2";
			developmentRegion = English;
			hasScannedForEncodings = 0;
			knownRegions = (
				en,
				Base,
			);
			mainGroup = 29FDB9F71A762613005B9855;
			productRefGroup = 29FDBA011A762613005B9855 /* Products */;
			projectDirPath = "";
			projectRoot = "";
			targets = (
				29FDB9FF1A762613005B9855 /* VideoPlayRecord */,
				29FDBA181A762613005B9855 /* VideoPlayRecordTests */,
			);
		};
/* End PBXProject section */

/* Begin PBXResourcesBuildPhase section */
		29FDB9FE1A762613005B9855 /* Resources */ = {
			isa = PBXResourcesBuildPhase;
			buildActionMask = 2147483647;
			files = (
				29FDBA0F1A762613005B9855 /* Main.storyboard in Resources */,
				29FDBA141A762613005B9855 /* LaunchScreen.xib in Resources */,
				29FDBA111A762613005B9855 /* Images.xcassets in Resources */,
			);
			runOnlyForDeploymentPostprocessing = 0;
		};
		29FDBA171A762613005B9855 /* Resources */ = {
			isa = PBXResourcesBuildPhase;
			buildActionMask = 2147483647;
			files = (
			);
			runOnlyForDeploymentPostprocessing = 0;
		};
/* End PBXResourcesBuildPhase section */

/* Begin PBXSourcesBuildPhase section */
		29FDB9FC1A762613005B9855 /* Sources */ = {
			isa = PBXSourcesBuildPhase;
			buildActionMask = 2147483647;
			files = (
				29FDBA371A763843005B9855 /* PlayVideoViewController.m in Sources */,
				29FDBA0C1A762613005B9855 /* ViewController.m in Sources */,
				29FDBA091A762613005B9855 /* AppDelegate.m in Sources */,
				29BA5E611A77861400AE0902 /* RecordVideoViewController.m in Sources */,
				29FDBA061A762613005B9855 /* main.m in Sources */,
			);
			runOnlyForDeploymentPostprocessing = 0;
		};
		29FDBA151A762613005B9855 /* Sources */ = {
			isa = PBXSourcesBuildPhase;
			buildActionMask = 2147483647;
			files = (
				29FDBA201A762613005B9855 /* VideoPlayRecordTests.m in Sources */,
			);
			runOnlyForDeploymentPostprocessing = 0;
		};
/* End PBXSourcesBuildPhase section */

/* Begin PBXTargetDependency section */
		29FDBA1B1A762613005B9855 /* PBXTargetDependency */ = {
			isa = PBXTargetDependency;
			target = 29FDB9FF1A762613005B9855 /* VideoPlayRecord */;
			targetProxy = 29FDBA1A1A762613005B9855 /* PBXContainerItemProxy */;
		};
/* End PBXTargetDependency section */

/* Begin PBXVariantGroup section */
		29FDBA0D1A762613005B9855 /* Main.storyboard */ = {
			isa = PBXVariantGroup;
			children = (
				29FDBA0E1A762613005B9855 /* Base */,
			);
			name = Main.storyboard;
			sourceTree = "<group>";
		};
		29FDBA121A762613005B9855 /* LaunchScreen.xib */ = {
			isa = PBXVariantGroup;
			children = (
				29FDBA131A762613005B9855 /* Base */,
			);
			name = LaunchScreen.xib;
			sourceTree = "<group>";
		};
/* End PBXVariantGroup section */

/* Begin XCBuildConfiguration section */
		29FDBA211A762613005B9855 /* Debug */ = {
			isa = XCBuildConfiguration;
			buildSettings = {
				ALWAYS_SEARCH_USER_PATHS = NO;
				CLANG_CXX_LANGUAGE_STANDARD = "gnu++0x";
				CLANG_CXX_LIBRARY = "libc++";
				CLANG_ENABLE_MODULES = YES;
				CLANG_ENABLE_OBJC_ARC = YES;
				CLANG_WARN_BOOL_CONVERSION = YES;
				CLANG_WARN_CONSTANT_CONVERSION = YES;
				CLANG_WARN_DIRECT_OBJC_ISA_USAGE = YES_ERROR;
				CLANG_WARN_EMPTY_BODY = YES;
				CLANG_WARN_ENUM_CONVERSION = YES;
				CLANG_WARN_INT_CONVERSION = YES;
				CLANG_WARN_OBJC_ROOT_CLASS = YES_ERROR;
				CLANG_WARN_UNREACHABLE_CODE = YES;
				CLANG_WARN__DUPLICATE_METHOD_MATCH = YES;
				"CODE_SIGN_IDENTITY[sdk=iphoneos*]" = "iPhone Developer";
				COPY_PHASE_STRIP = NO;
				ENABLE_STRICT_OBJC_MSGSEND = YES;
				GCC_C_LANGUAGE_STANDARD = gnu99;
				GCC_DYNAMIC_NO_PIC = NO;
				GCC_OPTIMIZATION_LEVEL = 0;
				GCC_PREPROCESSOR_DEFINITIONS = (
					"DEBUG=1",
					"$(inherited)",
				);
				GCC_SYMBOLS_PRIVATE_EXTERN = NO;
				GCC_WARN_64_TO_32_BIT_CONVERSION = YES;
				GCC_WARN_ABOUT_RETURN_TYPE = YES_ERROR;
				GCC_WARN_UNDECLARED_SELECTOR = YES;
				GCC_WARN_UNINITIALIZED_AUTOS = YES_AGGRESSIVE;
				GCC_WARN_UNUSED_FUNCTION = YES;
				GCC_WARN_UNUSED_VARIABLE = YES;
				IPHONEOS_DEPLOYMENT_TARGET = 8.1;
				MTL_ENABLE_DEBUG_INFO = YES;
				ONLY_ACTIVE_ARCH = YES;
				SDKROOT = iphoneos;
			};
			name = Debug;
		};
		29FDBA221A762613005B9855 /* Release */ = {
			isa = XCBuildConfiguration;
			buildSettings = {
				ALWAYS_SEARCH_USER_PATHS = NO;
				CLANG_CXX_LANGUAGE_STANDARD = "gnu++0x";
				CLANG_CXX_LIBRARY = "libc++";
				CLANG_ENABLE_MODULES = YES;
				CLANG_ENABLE_OBJC_ARC = YES;
				CLANG_WARN_BOOL_CONVERSION = YES;
				CLANG_WARN_CONSTANT_CONVERSION = YES;
				CLANG_WARN_DIRECT_OBJC_ISA_USAGE = YES_ERROR;
				CLANG_WARN_EMPTY_BODY = YES;
				CLANG_WARN_ENUM_CONVERSION = YES;
				CLANG_WARN_INT_CONVERSION = YES;
				CLANG_WARN_OBJC_ROOT_CLASS = YES_ERROR;
				CLANG_WARN_UNREACHABLE_CODE = YES;
				CLANG_WARN__DUPLICATE_METHOD_MATCH = YES;
				"CODE_SIGN_IDENTITY[sdk=iphoneos*]" = "iPhone Developer";
				COPY_PHASE_STRIP = YES;
				ENABLE_NS_ASSERTIONS = NO;
				ENABLE_STRICT_OBJC_MSGSEND = YES;
				GCC_C_LANGUAGE_STANDARD = gnu99;
				GCC_WARN_64_TO_32_BIT_CONVERSION = YES;
				GCC_WARN_ABOUT_RETURN_TYPE = YES_ERROR;
				GCC_WARN_UNDECLARED_SELECTOR = YES;
				GCC_WARN_UNINITIALIZED_AUTOS = YES_AGGRESSIVE;
				GCC_WARN_UNUSED_FUNCTION = YES;
				GCC_WARN_UNUSED_VARIABLE = YES;
				IPHONEOS_DEPLOYMENT_TARGET = 8.1;
				MTL_ENABLE_DEBUG_INFO = NO;
				SDKROOT = iphoneos;
				VALIDATE_PRODUCT = YES;
			};
			name = Release;
		};
		29FDBA241A762613005B9855 /* Debug */ = {
			isa = XCBuildConfiguration;
			buildSettings = {
				ASSETCATALOG_COMPILER_APPICON_NAME = AppIcon;
				INFOPLIST_FILE = VideoPlayRecord/Info.plist;
				LD_RUNPATH_SEARCH_PATHS = "$(inherited) @executable_path/Frameworks";
				PRODUCT_NAME = "$(TARGET_NAME)";
			};
			name = Debug;
		};
		29FDBA251A762613005B9855 /* Release */ = {
			isa = XCBuildConfiguration;
			buildSettings = {
				ASSETCATALOG_COMPILER_APPICON_NAME = AppIcon;
				INFOPLIST_FILE = VideoPlayRecord/Info.plist;
				LD_RUNPATH_SEARCH_PATHS = "$(inherited) @executable_path/Frameworks";
				PRODUCT_NAME = "$(TARGET_NAME)";
			};
			name = Release;
		};
		29FDBA271A762613005B9855 /* Debug */ = {
			isa = XCBuildConfiguration;
			buildSettings = {
				BUNDLE_LOADER = "$(TEST_HOST)";
				FRAMEWORK_SEARCH_PATHS = (
					"$(SDKROOT)/Developer/Library/Frameworks",
					"$(inherited)",
				);
				GCC_PREPROCESSOR_DEFINITIONS = (
					"DEBUG=1",
					"$(inherited)",
				);
				INFOPLIST_FILE = VideoPlayRecordTests/Info.plist;
				LD_RUNPATH_SEARCH_PATHS = "$(inherited) @executable_path/Frameworks @loader_path/Frameworks";
				PRODUCT_NAME = "$(TARGET_NAME)";
				TEST_HOST = "$(BUILT_PRODUCTS_DIR)/VideoPlayRecord.app/VideoPlayRecord";
			};
			name = Debug;
		};
		29FDBA281A762613005B9855 /* Release */ = {
			isa = XCBuildConfiguration;
			buildSettings = {
				BUNDLE_LOADER = "$(TEST_HOST)";
				FRAMEWORK_SEARCH_PATHS = (
					"$(SDKROOT)/Developer/Library/Frameworks",
					"$(inherited)",
				);
				INFOPLIST_FILE = VideoPlayRecordTests/Info.plist;
				LD_RUNPATH_SEARCH_PATHS = "$(inherited) @executable_path/Frameworks @loader_path/Frameworks";
				PRODUCT_NAME = "$(TARGET_NAME)";
				TEST_HOST = "$(BUILT_PRODUCTS_DIR)/VideoPlayRecord.app/VideoPlayRecord";
			};
			name = Release;
		};
/* End XCBuildConfiguration section */

/* Begin XCConfigurationList section */
		29FDB9FB1A762613005B9855 /* Build configuration list for PBXProject "VideoPlayRecord" */ = {
			isa = XCConfigurationList;
			buildConfigurations = (
				29FDBA211A762613005B9855 /* Debug */,
				29FDBA221A762613005B9855 /* Release */,
			);
			defaultConfigurationIsVisible = 0;
			defaultConfigurationName = Release;
		};
		29FDBA231A762613005B9855 /* Build configuration list for PBXNativeTarget "VideoPlayRecord" */ = {
			isa = XCConfigurationList;
			buildConfigurations = (
				29FDBA241A762613005B9855 /* Debug */,
				29FDBA251A762613005B9855 /* Release */,
			);
			defaultConfigurationIsVisible = 0;
			defaultConfigurationName = Release;
		};
		29FDBA261A762613005B9855 /* Build configuration list for PBXNativeTarget "VideoPlayRecordTests" */ = {
			isa = XCConfigurationList;
			buildConfigurations = (
				29FDBA271A762613005B9855 /* Debug */,
				29FDBA281A762613005B9855 /* Release */,
			);
			defaultConfigurationIsVisible = 0;
			defaultConfigurationName = Release;
		};
/* End XCConfigurationList section */
	};
	rootObject = 29FDB9F81A762613005B9855 /* Project object */;
}
